
Microsoft Visual Studio Solution File, Format Version 12.00
# Visual Studio Version 16
VisualStudioVersion = 16.0.29324.140
MinimumVisualStudioVersion = 10.0.40219.1
Project("{9A19103F-16F7-4668-BE54-9A1E7A4F7556}") = "WebServer.Sync", "WebServer.Sync\WebServer.Sync.csproj", "{F677CF44-B405-472D-BAA6-86F755EE7764}"
EndProject
Project("{9A19103F-16F7-4668-BE54-9A1E7A4F7556}") = "TestServerPerformance", "TestServerPerformance\TestServerPerformance.csproj", "{08F125D7-B487-4230-858E-45AA3B2298FB}"
EndProject
Project("{9A19103F-16F7-4668-BE54-9A1E7A4F7556}") = "WebServer.Thread", "WebServer.Thread\WebServer.Thread.csproj", "{58102E57-E76F-4B3F-9BB9-532DD91F4BE0}"
EndProject
Project("{9A19103F-16F7-4668-BE54-9A1E7A4F7556}") = "WebServer.Async", "WebServer.Async\WebServer.Async.csproj", "{FEA60BD1-AE6C-4AB8-A2EC-E68001040A4B}"
EndProject
Project("{FAE04EC0-301F-11D3-BF4B-00C04F79EFBC}") = "WebServer.Task", "WebServer.Task\WebServer.Task.csproj", "{B1F9997E-F97A-4B1A-82D9-687FF583A0E2}"
EndProject
Global
	GlobalSection(SolutionConfigurationPlatforms) = preSolution
		Debug|Any CPU = Debug|Any CPU
		Release|Any CPU = Release|Any CPU
	EndGlobalSection
	GlobalSection(ProjectConfigurationPlatforms) = postSolution
		{F677CF44-B405-472D-BAA6-86F755EE7764}.Debug|Any CPU.ActiveCfg = Debug|Any CPU
		{F677CF44-B405-472D-BAA6-86F755EE7764}.Debug|Any CPU.Build.0 = Debug|Any CPU
		{F677CF44-B405-472D-BAA6-86F755EE7764}.Release|Any CPU.ActiveCfg = Release|Any CPU
		{F677CF44-B405-472D-BAA6-86F755EE7764}.Release|Any CPU.Build.0 = Release|Any CPU
		{08F125D7-B487-4230-858E-45AA3B2298FB}.Debug|Any CPU.ActiveCfg = Debug|Any CPU
		{08F125D7-B487-4230-858E-45AA3B2298FB}.Debug|Any CPU.Build.0 = Debug|Any CPU
		{08F125D7-B487-4230-858E-45AA3B2298FB}.Release|Any CPU.ActiveCfg = Release|Any CPU
		{08F125D7-B487-4230-858E-45AA3B2298FB}.Release|Any CPU.Build.0 = Release|Any CPU
		{58102E57-E76F-4B3F-9BB9-532DD91F4BE0}.Debug|Any CPU.ActiveCfg = Debug|Any CPU
		{58102E57-E76F-4B3F-9BB9-532DD91F4BE0}.Debug|Any CPU.Build.0 = Debug|Any CPU
		{58102E57-E76F-4B3F-9BB9-532DD91F4BE0}.Release|Any CPU.ActiveCfg = Release|Any CPU
		{58102E57-E76F-4B3F-9BB9-532DD91F4BE0}.Release|Any CPU.Build.0 = Release|Any CPU
		{FEA60BD1-AE6C-4AB8-A2EC-E68001040A4B}.Debug|Any CPU.ActiveCfg = Debug|Any CPU
		{FEA60BD1-AE6C-4AB8-A2EC-E68001040A4B}.Debug|Any CPU.Build.0 = Debug|Any CPU
		{FEA60BD1-AE6C-4AB8-A2EC-E68001040A4B}.Release|Any CPU.ActiveCfg = Release|Any CPU
		{FEA60BD1-AE6C-4AB8-A2EC-E68001040A4B}.Release|Any CPU.Build.0 = Release|Any CPU
		{B1F9997E-F97A-4B1A-82D9-687FF583A0E2}.Debug|Any CPU.ActiveCfg = Debug|Any CPU
		{B1F9997E-F97A-4B1A-82D9-687FF583A0E2}.Debug|Any CPU.Build.0 = Debug|Any CPU
		{B1F9997E-F97A-4B1A-82D9-687FF583A0E2}.Release|Any CPU.ActiveCfg = Release|Any CPU
		{B1F9997E-F97A-4B1A-82D9-687FF583A0E2}.Release|Any CPU.Build.0 = Release|Any CPU
	EndGlobalSection
	GlobalSection(SolutionProperties) = preSolution
		HideSolutionNode = FALSE
	EndGlobalSection
	GlobalSection(ExtensibilityGlobals) = postSolution
		SolutionGuid = {724B8E7E-1ED8-439A-BC12-A4C70B7CBB6D}
	EndGlobalSection
EndGlobal
